
Microsoft Visual Studio Solution File, Format Version 12.00
# Visual Studio Version 17
VisualStudioVersion = 17.0.32126.317
MinimumVisualStudioVersion = 10.0.40219.1
Project("{FAE04EC0-301F-11D3-BF4B-00C04F79EFBC}") = "SystemTrayApp", "SystemTrayApp\SystemTrayApp.csproj", "{54343218-41D3-40BA-A082-B4CF636F0029}"
EndProject
Project("{888888A0-9F3D-457C-B088-3A5042F75D52}") = "VideoCapturer", "VideoCapturer\VideoCapturer.pyproj", "{D7554873-E560-4200-BAEE-B757BFDB183F}"
EndProject
Global
	GlobalSection(SolutionConfigurationPlatforms) = preSolution
		Debug|Any CPU = Debug|Any CPU
		Debug|x64 = Debug|x64
		Debug|x86 = Debug|x86
		Release|Any CPU = Release|Any CPU
		Release|x64 = Release|x64
		Release|x86 = Release|x86
	EndGlobalSection
	GlobalSection(ProjectConfigurationPlatforms) = postSolution
		{54343218-41D3-40BA-A082-B4CF636F0029}.Debug|Any CPU.ActiveCfg = Debug|Any CPU
		{54343218-41D3-40BA-A082-B4CF636F0029}.Debug|Any CPU.Build.0 = Debug|Any CPU
		{54343218-41D3-40BA-A082-B4CF636F0029}.Debug|x64.ActiveCfg = Debug|Any CPU
		{54343218-41D3-40BA-A082-B4CF636F0029}.Debug|x64.Build.0 = Debug|Any CPU
		{54343218-41D3-40BA-A082-B4CF636F0029}.Debug|x86.ActiveCfg = Debug|Any CPU
		{54343218-41D3-40BA-A082-B4CF636F0029}.Debug|x86.Build.0 = Debug|Any CPU
		{54343218-41D3-40BA-A082-B4CF636F0029}.Release|Any CPU.ActiveCfg = Release|Any CPU
		{54343218-41D3-40BA-A082-B4CF636F0029}.Release|Any CPU.Build.0 = Release|Any CPU
		{54343218-41D3-40BA-A082-B4CF636F0029}.Release|x64.ActiveCfg = Release|Any CPU
		{54343218-41D3-40BA-A082-B4CF636F0029}.Release|x64.Build.0 = Release|Any CPU
		{54343218-41D3-40BA-A082-B4CF636F0029}.Release|x86.ActiveCfg = Release|Any CPU
		{54343218-41D3-40BA-A082-B4CF636F0029}.Release|x86.Build.0 = Release|Any CPU
		{D7554873-E560-4200-BAEE-B757BFDB183F}.Debug|Any CPU.ActiveCfg = Debug|Any CPU
		{D7554873-E560-4200-BAEE-B757BFDB183F}.Debug|x64.ActiveCfg = Debug|Any CPU
		{D7554873-E560-4200-BAEE-B757BFDB183F}.Debug|x86.ActiveCfg = Debug|Any CPU
		{D7554873-E560-4200-BAEE-B757BFDB183F}.Release|Any CPU.ActiveCfg = Release|Any CPU
		{D7554873-E560-4200-BAEE-B757BFDB183F}.Release|x64.ActiveCfg = Release|Any CPU
		{D7554873-E560-4200-BAEE-B757BFDB183F}.Release|x86.ActiveCfg = Release|Any CPU
	EndGlobalSection
	GlobalSection(SolutionProperties) = preSolution
		HideSolutionNode = FALSE
	EndGlobalSection
	GlobalSection(ExtensibilityGlobals) = postSolution
		SolutionGuid = {A3D967FD-F53B-4D1E-9281-CA74E64C6401}
	EndGlobalSection
EndGlobal
